
Microsoft Visual Studio Solution File, Format Version 12.00
# Visual Studio Version 16
VisualStudioVersion = 16.0.29324.140
MinimumVisualStudioVersion = 10.0.40219.1
Project("{9A19103F-16F7-4668-BE54-9A1E7A4F7556}") = "ImageComparisonViewer", "ImageComparisonViewer\ImageComparisonViewer.csproj", "{7E19C299-54A4-49C7-9CC2-4868AB883816}"
EndProject
Project("{9A19103F-16F7-4668-BE54-9A1E7A4F7556}") = "ImageComparisonViewer.MainTabControl", "ImageComparisonViewer.MainTabControl\ImageComparisonViewer.MainTabControl.csproj", "{30C825E1-957B-4502-A15B-85110AFBB6AE}"
EndProject
Project("{9A19103F-16F7-4668-BE54-9A1E7A4F7556}") = "Control.ExplorerAddressBar", "Control.ExplorerAddressBar\Control.ExplorerAddressBar.csproj", "{E0006C08-8A3F-41FA-A0FE-B00425E15E67}"
EndProject
Project("{9A19103F-16F7-4668-BE54-9A1E7A4F7556}") = "ImageComparisonViewer.Core", "ImageComparisonViewer.Core\ImageComparisonViewer.Core.csproj", "{3432943A-8C71-4ACB-A208-3F3D3652D488}"
EndProject
Project("{9A19103F-16F7-4668-BE54-9A1E7A4F7556}") = "ImageComparisonViewer.Common", "ImageComparisonViewer.Common\ImageComparisonViewer.Common.csproj", "{08B3AE28-CB8B-431D-B6B7-F735C2CC615D}"
EndProject
Project("{FAE04EC0-301F-11D3-BF4B-00C04F79EFBC}") = "ImageComparisonViewer.ImagePanels", "ImageComparisonViewer.ImagePanels\ImageComparisonViewer.ImagePanels.csproj", "{2ED93BA7-3327-4E6E-B906-A373EC34F706}"
EndProject
Global
	GlobalSection(SolutionConfigurationPlatforms) = preSolution
		Debug|Any CPU = Debug|Any CPU
		Release|Any CPU = Release|Any CPU
	EndGlobalSection
	GlobalSection(ProjectConfigurationPlatforms) = postSolution
		{7E19C299-54A4-49C7-9CC2-4868AB883816}.Debug|Any CPU.ActiveCfg = Debug|Any CPU
		{7E19C299-54A4-49C7-9CC2-4868AB883816}.Debug|Any CPU.Build.0 = Debug|Any CPU
		{7E19C299-54A4-49C7-9CC2-4868AB883816}.Release|Any CPU.ActiveCfg = Release|Any CPU
		{7E19C299-54A4-49C7-9CC2-4868AB883816}.Release|Any CPU.Build.0 = Release|Any CPU
		{30C825E1-957B-4502-A15B-85110AFBB6AE}.Debug|Any CPU.ActiveCfg = Debug|Any CPU
		{30C825E1-957B-4502-A15B-85110AFBB6AE}.Debug|Any CPU.Build.0 = Debug|Any CPU
		{30C825E1-957B-4502-A15B-85110AFBB6AE}.Release|Any CPU.ActiveCfg = Release|Any CPU
		{30C825E1-957B-4502-A15B-85110AFBB6AE}.Release|Any CPU.Build.0 = Release|Any CPU
		{E0006C08-8A3F-41FA-A0FE-B00425E15E67}.Debug|Any CPU.ActiveCfg = Debug|Any CPU
		{E0006C08-8A3F-41FA-A0FE-B00425E15E67}.Debug|Any CPU.Build.0 = Debug|Any CPU
		{E0006C08-8A3F-41FA-A0FE-B00425E15E67}.Release|Any CPU.ActiveCfg = Release|Any CPU
		{E0006C08-8A3F-41FA-A0FE-B00425E15E67}.Release|Any CPU.Build.0 = Release|Any CPU
		{3432943A-8C71-4ACB-A208-3F3D3652D488}.Debug|Any CPU.ActiveCfg = Debug|Any CPU
		{3432943A-8C71-4ACB-A208-3F3D3652D488}.Debug|Any CPU.Build.0 = Debug|Any CPU
		{3432943A-8C71-4ACB-A208-3F3D3652D488}.Release|Any CPU.ActiveCfg = Release|Any CPU
		{3432943A-8C71-4ACB-A208-3F3D3652D488}.Release|Any CPU.Build.0 = Release|Any CPU
		{08B3AE28-CB8B-431D-B6B7-F735C2CC615D}.Debug|Any CPU.ActiveCfg = Debug|Any CPU
		{08B3AE28-CB8B-431D-B6B7-F735C2CC615D}.Debug|Any CPU.Build.0 = Debug|Any CPU
		{08B3AE28-CB8B-431D-B6B7-F735C2CC615D}.Release|Any CPU.ActiveCfg = Release|Any CPU
		{08B3AE28-CB8B-431D-B6B7-F735C2CC615D}.Release|Any CPU.Build.0 = Release|Any CPU
		{2ED93BA7-3327-4E6E-B906-A373EC34F706}.Debug|Any CPU.ActiveCfg = Debug|Any CPU
		{2ED93BA7-3327-4E6E-B906-A373EC34F706}.Debug|Any CPU.Build.0 = Debug|Any CPU
		{2ED93BA7-3327-4E6E-B906-A373EC34F706}.Release|Any CPU.ActiveCfg = Release|Any CPU
		{2ED93BA7-3327-4E6E-B906-A373EC34F706}.Release|Any CPU.Build.0 = Release|Any CPU
	EndGlobalSection
	GlobalSection(SolutionProperties) = preSolution
		HideSolutionNode = FALSE
	EndGlobalSection
	GlobalSection(ExtensibilityGlobals) = postSolution
		SolutionGuid = {BD8C7494-605D-4936-8CF7-88603CD09787}
	EndGlobalSection
EndGlobal
