
Microsoft Visual Studio Solution File, Format Version 12.00
# Visual Studio Version 16
VisualStudioVersion = 16.0.29324.140
MinimumVisualStudioVersion = 10.0.40219.1
Project("{9A19103F-16F7-4668-BE54-9A1E7A4F7556}") = "ImageComparisonViewer", "ImageComparisonViewer\ImageComparisonViewer.csproj", "{7E19C299-54A4-49C7-9CC2-4868AB883816}"
EndProject
Project("{9A19103F-16F7-4668-BE54-9A1E7A4F7556}") = "ImageComparisonViewer.MainTabControl", "ImageComparisonViewer.MainTabControl\ImageComparisonViewer.MainTabControl.csproj", "{30C825E1-957B-4502-A15B-85110AFBB6AE}"
EndProject
Project("{9A19103F-16F7-4668-BE54-9A1E7A4F7556}") = "ImageComparisonViewer.Core", "ImageComparisonViewer.Core\ImageComparisonViewer.Core.csproj", "{3432943A-8C71-4ACB-A208-3F3D3652D488}"
EndProject
Project("{9A19103F-16F7-4668-BE54-9A1E7A4F7556}") = "ImageComparisonViewer.Common", "ImageComparisonViewer.Common\ImageComparisonViewer.Common.csproj", "{08B3AE28-CB8B-431D-B6B7-F735C2CC615D}"
EndProject
Project("{9A19103F-16F7-4668-BE54-9A1E7A4F7556}") = "ImageComparisonViewer.ImagePanels", "ImageComparisonViewer.ImagePanels\ImageComparisonViewer.ImagePanels.csproj", "{2ED93BA7-3327-4E6E-B906-A373EC34F706}"
EndProject
Project("{9A19103F-16F7-4668-BE54-9A1E7A4F7556}") = "ICV.Control.ThumbnailList", "ICV.Control.ThumbnailList\ICV.Control.ThumbnailList.csproj", "{605CDC91-C868-4A32-891F-26623EEFE35F}"
EndProject
Project("{9A19103F-16F7-4668-BE54-9A1E7A4F7556}") = "ICV.Control.ExplorerAddressBar", "ICV.Control.ExplorerAddressBar\ICV.Control.ExplorerAddressBar.csproj", "{C8B6D9F2-49BE-487D-A584-1D9A58F23A1A}"
EndProject
Project("{FAE04EC0-301F-11D3-BF4B-00C04F79EFBC}") = "ICV.Control.ZoomableImage", "ICV.Control.ZoomableImage\ICV.Control.ZoomableImage.csproj", "{C1E64ACA-D34B-46CF-AB24-D05439D6E094}"
EndProject
Global
	GlobalSection(SolutionConfigurationPlatforms) = preSolution
		Debug|Any CPU = Debug|Any CPU
		Release|Any CPU = Release|Any CPU
	EndGlobalSection
	GlobalSection(ProjectConfigurationPlatforms) = postSolution
		{7E19C299-54A4-49C7-9CC2-4868AB883816}.Debug|Any CPU.ActiveCfg = Debug|Any CPU
		{7E19C299-54A4-49C7-9CC2-4868AB883816}.Debug|Any CPU.Build.0 = Debug|Any CPU
		{7E19C299-54A4-49C7-9CC2-4868AB883816}.Release|Any CPU.ActiveCfg = Release|Any CPU
		{7E19C299-54A4-49C7-9CC2-4868AB883816}.Release|Any CPU.Build.0 = Release|Any CPU
		{30C825E1-957B-4502-A15B-85110AFBB6AE}.Debug|Any CPU.ActiveCfg = Debug|Any CPU
		{30C825E1-957B-4502-A15B-85110AFBB6AE}.Debug|Any CPU.Build.0 = Debug|Any CPU
		{30C825E1-957B-4502-A15B-85110AFBB6AE}.Release|Any CPU.ActiveCfg = Release|Any CPU
		{30C825E1-957B-4502-A15B-85110AFBB6AE}.Release|Any CPU.Build.0 = Release|Any CPU
		{3432943A-8C71-4ACB-A208-3F3D3652D488}.Debug|Any CPU.ActiveCfg = Debug|Any CPU
		{3432943A-8C71-4ACB-A208-3F3D3652D488}.Debug|Any CPU.Build.0 = Debug|Any CPU
		{3432943A-8C71-4ACB-A208-3F3D3652D488}.Release|Any CPU.ActiveCfg = Release|Any CPU
		{3432943A-8C71-4ACB-A208-3F3D3652D488}.Release|Any CPU.Build.0 = Release|Any CPU
		{08B3AE28-CB8B-431D-B6B7-F735C2CC615D}.Debug|Any CPU.ActiveCfg = Debug|Any CPU
		{08B3AE28-CB8B-431D-B6B7-F735C2CC615D}.Debug|Any CPU.Build.0 = Debug|Any CPU
		{08B3AE28-CB8B-431D-B6B7-F735C2CC615D}.Release|Any CPU.ActiveCfg = Release|Any CPU
		{08B3AE28-CB8B-431D-B6B7-F735C2CC615D}.Release|Any CPU.Build.0 = Release|Any CPU
		{2ED93BA7-3327-4E6E-B906-A373EC34F706}.Debug|Any CPU.ActiveCfg = Debug|Any CPU
		{2ED93BA7-3327-4E6E-B906-A373EC34F706}.Debug|Any CPU.Build.0 = Debug|Any CPU
		{2ED93BA7-3327-4E6E-B906-A373EC34F706}.Release|Any CPU.ActiveCfg = Release|Any CPU
		{2ED93BA7-3327-4E6E-B906-A373EC34F706}.Release|Any CPU.Build.0 = Release|Any CPU
		{605CDC91-C868-4A32-891F-26623EEFE35F}.Debug|Any CPU.ActiveCfg = Debug|Any CPU
		{605CDC91-C868-4A32-891F-26623EEFE35F}.Debug|Any CPU.Build.0 = Debug|Any CPU
		{605CDC91-C868-4A32-891F-26623EEFE35F}.Release|Any CPU.ActiveCfg = Release|Any CPU
		{605CDC91-C868-4A32-891F-26623EEFE35F}.Release|Any CPU.Build.0 = Release|Any CPU
		{C8B6D9F2-49BE-487D-A584-1D9A58F23A1A}.Debug|Any CPU.ActiveCfg = Debug|Any CPU
		{C8B6D9F2-49BE-487D-A584-1D9A58F23A1A}.Debug|Any CPU.Build.0 = Debug|Any CPU
		{C8B6D9F2-49BE-487D-A584-1D9A58F23A1A}.Release|Any CPU.ActiveCfg = Release|Any CPU
		{C8B6D9F2-49BE-487D-A584-1D9A58F23A1A}.Release|Any CPU.Build.0 = Release|Any CPU
		{C1E64ACA-D34B-46CF-AB24-D05439D6E094}.Debug|Any CPU.ActiveCfg = Debug|Any CPU
		{C1E64ACA-D34B-46CF-AB24-D05439D6E094}.Debug|Any CPU.Build.0 = Debug|Any CPU
		{C1E64ACA-D34B-46CF-AB24-D05439D6E094}.Release|Any CPU.ActiveCfg = Release|Any CPU
		{C1E64ACA-D34B-46CF-AB24-D05439D6E094}.Release|Any CPU.Build.0 = Release|Any CPU
	EndGlobalSection
	GlobalSection(SolutionProperties) = preSolution
		HideSolutionNode = FALSE
	EndGlobalSection
	GlobalSection(ExtensibilityGlobals) = postSolution
		SolutionGuid = {BD8C7494-605D-4936-8CF7-88603CD09787}
	EndGlobalSection
EndGlobal
